
Microsoft Visual Studio Solution File, Format Version 12.00
# Visual Studio Version 16
VisualStudioVersion = 16.0.29911.84
MinimumVisualStudioVersion = 10.0.40219.1
Project("{9A19103F-16F7-4668-BE54-9A1E7A4F7556}") = "Zhaoxi.AspNetCore31.AuthenticationCenterIds4", "Zhaoxi.AspNetCore31.AuthenticationCenterIds4\Zhaoxi.AspNetCore31.AuthenticationCenterIds4.csproj", "{FB3293DA-F255-444C-BB07-7FE107AD6B75}"
EndProject
Project("{9A19103F-16F7-4668-BE54-9A1E7A4F7556}") = "Zhaoxi.AspNetCore31.AuthenticationCenter", "Zhaoxi.AspNetCore31.AuthenticationCenter\Zhaoxi.AspNetCore31.AuthenticationCenter.csproj", "{48DC6A6D-EAA3-48FF-A66E-7EAFA6073F82}"
EndProject
Project("{9A19103F-16F7-4668-BE54-9A1E7A4F7556}") = "Zhaoxi.AspNetCore31.AuthDemo", "Zhaoxi.AspNetCore31.AuthDemo\Zhaoxi.AspNetCore31.AuthDemo.csproj", "{7690C9E8-5F03-49A8-8112-C03FB4189D28}"
EndProject
Global
	GlobalSection(SolutionConfigurationPlatforms) = preSolution
		Debug|Any CPU = Debug|Any CPU
		Release|Any CPU = Release|Any CPU
	EndGlobalSection
	GlobalSection(ProjectConfigurationPlatforms) = postSolution
		{FB3293DA-F255-444C-BB07-7FE107AD6B75}.Debug|Any CPU.ActiveCfg = Debug|Any CPU
		{FB3293DA-F255-444C-BB07-7FE107AD6B75}.Debug|Any CPU.Build.0 = Debug|Any CPU
		{FB3293DA-F255-444C-BB07-7FE107AD6B75}.Release|Any CPU.ActiveCfg = Release|Any CPU
		{FB3293DA-F255-444C-BB07-7FE107AD6B75}.Release|Any CPU.Build.0 = Release|Any CPU
		{48DC6A6D-EAA3-48FF-A66E-7EAFA6073F82}.Debug|Any CPU.ActiveCfg = Debug|Any CPU
		{48DC6A6D-EAA3-48FF-A66E-7EAFA6073F82}.Debug|Any CPU.Build.0 = Debug|Any CPU
		{48DC6A6D-EAA3-48FF-A66E-7EAFA6073F82}.Release|Any CPU.ActiveCfg = Release|Any CPU
		{48DC6A6D-EAA3-48FF-A66E-7EAFA6073F82}.Release|Any CPU.Build.0 = Release|Any CPU
		{7690C9E8-5F03-49A8-8112-C03FB4189D28}.Debug|Any CPU.ActiveCfg = Debug|Any CPU
		{7690C9E8-5F03-49A8-8112-C03FB4189D28}.Debug|Any CPU.Build.0 = Debug|Any CPU
		{7690C9E8-5F03-49A8-8112-C03FB4189D28}.Release|Any CPU.ActiveCfg = Release|Any CPU
		{7690C9E8-5F03-49A8-8112-C03FB4189D28}.Release|Any CPU.Build.0 = Release|Any CPU
	EndGlobalSection
	GlobalSection(SolutionProperties) = preSolution
		HideSolutionNode = FALSE
	EndGlobalSection
	GlobalSection(ExtensibilityGlobals) = postSolution
		SolutionGuid = {5D53CA1B-1AD9-4FB1-8FCB-D1F54D644A8E}
	EndGlobalSection
EndGlobal
